<?xml version="1.0" encoding="utf-8"?>
<Project ToolsVersion="4.0" xmlns="http://schemas.microsoft.com/developer/msbuild/2003">
  <ItemGroup>
    <ClCompile Include="GameTest.cpp" />
    <ClCompile Include="stdafx.cpp" />
    <ClCompile Include="App\app.cpp">
      <Filter>NextAPI</Filter>
    </ClCompile>
    <ClCompile Include="App\main.cpp">
      <Filter>NextAPI</Filter>
    </ClCompile>
    <ClCompile Include="App\SimpleController.cpp">
      <Filter>NextAPI</Filter>
    </ClCompile>
    <ClCompile Include="App\SimpleSound.cpp">
      <Filter>NextAPI</Filter>
    </ClCompile>
    <ClCompile Include="App\SimpleSprite.cpp">
      <Filter>NextAPI</Filter>
    </ClCompile>
    <ClCompile Include="stb_image\stb_image.cpp">
      <Filter>stb_image</Filter>
    </ClCompile>
    <ClCompile Include="World.cpp" />
    <ClCompile Include="GameObjects\Actor.cpp" />
    <ClCompile Include="GameObjects\Door.cpp" />
    <ClCompile Include="GameObjects\GameObject.cpp" />
    <ClCompile Include="GameObjects\Player.cpp" />
    <ClCompile Include="GameObjects\Renderer.cpp" />
    <ClCompile Include="Controllers\Controller.cpp" />
    <ClCompile Include="Controllers\PlayerController.cpp" />
    <ClCompile Include="Colliders\BoxCollider.cpp" />
    <ClCompile Include="Scenes\Scene.cpp" />
    <ClCompile Include="Scenes\SceneManager.cpp" />
    <ClCompile Include="States\DoorStateLocked.cpp" />
    <ClCompile Include="States\DoorStateUnlocked.cpp" />
    <ClCompile Include="States\PlayerStateIdle.cpp" />
    <ClCompile Include="States\PlayerStateWalk.cpp" />
    <ClCompile Include="Observers\Publisher.cpp" />
    <ClCompile Include="Observers\Goal.cpp" />
    <ClCompile Include="States\PressurePlateStateOn.cpp" />
    <ClCompile Include="States\PressurePlateStateOff.cpp" />
    <ClCompile Include="GameObjects\PressurePlate.cpp" />
    <ClCompile Include="GameObjects\Item.cpp" />
    <ClCompile Include="GameObjects\Key.cpp" />
    <ClCompile Include="GameObjects\Inventory.cpp" />
    <ClCompile Include="UI\TextBox.cpp" />
    <ClCompile Include="BehaviourTree\ActionNode.cpp" />
    <ClCompile Include="BehaviourTree\BehaviourTree.cpp" />
    <ClCompile Include="BehaviourTree\IBehaviourNode.cpp" />
    <ClCompile Include="BehaviourTree\SelectorNode.cpp" />
    <ClCompile Include="BehaviourTree\SequenceNode.cpp" />
    <ClCompile Include="GameObjects\Slime.cpp" />
    <ClCompile Include="GameObjects\IEnemy.cpp" />
  </ItemGroup>
  <ItemGroup>
    <ClInclude Include="App\app.h">
      <Filter>NextAPI</Filter>
    </ClInclude>
    <ClInclude Include="App\AppSettings.h">
      <Filter>NextAPI</Filter>
    </ClInclude>
    <ClInclude Include="App\main.h">
      <Filter>NextAPI</Filter>
    </ClInclude>
    <ClInclude Include="App\SimpleController.h">
      <Filter>NextAPI</Filter>
    </ClInclude>
    <ClInclude Include="App\SimpleSound.h">
      <Filter>NextAPI</Filter>
    </ClInclude>
    <ClInclude Include="App\SimpleSprite.h">
      <Filter>NextAPI</Filter>
    </ClInclude>
    <ClInclude Include="targetver.h">
      <Filter>NextAPI</Filter>
    </ClInclude>
    <ClInclude Include="stb_image\stb_image.h">
      <Filter>stb_image</Filter>
    </ClInclude>
    <ClInclude Include="World.h" />
    <ClInclude Include="GameObjects\Actor.h" />
    <ClInclude Include="GameObjects\Door.h" />
    <ClInclude Include="GameObjects\DungeonDoor.h" />
    <ClInclude Include="GameObjects\GameObject.h" />
    <ClInclude Include="GameObjects\Player.h" />
    <ClInclude Include="GameObjects\Renderer.h" />
    <ClInclude Include="GameObjects\Vector2D.h" />
    <ClInclude Include="Controllers\Controller.h" />
    <ClInclude Include="Controllers\PlayerController.h" />
    <ClInclude Include="Colliders\BoxCollider.h" />
    <ClInclude Include="Colliders\ICollider.h" />
    <ClInclude Include="Scenes\Scene.h" />
    <ClInclude Include="Scenes\SceneManager.h" />
    <ClInclude Include="States\IDoorState.h" />
    <ClInclude Include="States\DoorStateLocked.h" />
    <ClInclude Include="States\DoorStateUnlocked.h" />
    <ClInclude Include="States\IPlayerState.h" />
    <ClInclude Include="States\PlayerStateIdle.h" />
    <ClInclude Include="States\PlayerStateWalk.h" />
    <ClInclude Include="Observers\Publisher.h" />
    <ClInclude Include="Observers\ISubscriber.h" />
    <ClInclude Include="Observers\Goal.h" />
    <ClInclude Include="States\IPressurePlateState.h" />
    <ClInclude Include="States\PressurePlateStateOn.h" />
    <ClInclude Include="States\PressurePlateStateOff.h" />
    <ClInclude Include="GameObjects\PressurePlate.h" />
    <ClInclude Include="GameObjects\Path.h" />
    <ClInclude Include="stdafx.h" />
    <ClInclude Include="GameObjects\Item.h" />
    <ClInclude Include="GameObjects\Key.h" />
    <ClInclude Include="GameObjects\Inventory.h" />
    <ClInclude Include="UI\UI.h" />
    <ClInclude Include="GameObjects\IInteractable.h" />
    <ClInclude Include="UI\TextBox.h" />
    <ClInclude Include="BehaviourTree\ActionNode.h" />
    <ClInclude Include="BehaviourTree\BehaviourTree.h" />
    <ClInclude Include="BehaviourTree\IBehaviourNode.h" />
    <ClInclude Include="BehaviourTree\SelectorNode.h" />
    <ClInclude Include="BehaviourTree\SequenceNode.h" />
    <ClInclude Include="GameObjects\Slime.h" />
    <ClInclude Include="GameObjects\IEnemy.h" />
  </ItemGroup>
  <ItemGroup>
    <Filter Include="NextAPI">
      <UniqueIdentifier>{f318918d-bb9f-4402-ae1c-4f72186d16f6}</UniqueIdentifier>
    </Filter>
    <Filter Include="stb_image">
      <UniqueIdentifier>{61cfc19b-c57e-4021-b530-bac172fcba86}</UniqueIdentifier>
    </Filter>
  </ItemGroup>
  <ItemGroup>
    <Text Include="ReadMe.txt">
      <Filter>NextAPI</Filter>
    </Text>
    <Text Include="glut\Readme.txt" />
    <Text Include="Data\Maps\TestMap.txt" />
  </ItemGroup>
  <ItemGroup>
    <Image Include="Images\Box.bmp" />
    <Image Include="Images\BoxL.bmp" />
    <Image Include="Images\DungeonDoorLocked.bmp" />
    <Image Include="Images\DungeonDoorUnlocked.bmp" />
    <Image Include="Images\Floor.bmp" />
    <Image Include="Images\FloorL.bmp" />
    <Image Include="Images\IdleAnimation.bmp" />
    <Image Include="Images\IdleAnimationAlt.bmp" />
    <Image Include="Images\InvisibleDoor.bmp" />
    <Image Include="Images\PressurePlateL.bmp" />
    <Image Include="Images\Test.bmp" />
    <Image Include="Images\WalkAnimation.bmp" />
    <Image Include="Images\WalkAnimationAlt.bmp" />
    <Image Include="Images\Wall.bmp" />
    <Image Include="Images\WallL.bmp" />
    <Image Include="Images\EndScreen.bmp" />
    <Image Include="Data\Images\Box.bmp" />
    <Image Include="Data\Images\BoxL.bmp" />
    <Image Include="Data\Images\DungeonDoorLocked.bmp" />
    <Image Include="Data\Images\DungeonDoorUnlocked.bmp" />
    <Image Include="Data\Images\EndScreen.bmp" />
    <Image Include="Data\Images\Floor.bmp" />
    <Image Include="Data\Images\FloorL.bmp" />
    <Image Include="Data\Images\IdleAnimation.bmp" />
    <Image Include="Data\Images\IdleAnimationAlt.bmp" />
    <Image Include="Data\Images\InvisibleDoor.bmp" />
    <Image Include="Data\Images\PressurePlateL.bmp" />
    <Image Include="Data\Images\Test.bmp" />
    <Image Include="Data\Images\WalkAnimation.bmp" />
    <Image Include="Data\Images\WalkAnimationAlt.bmp" />
    <Image Include="Data\Images\Wall.bmp" />
    <Image Include="Data\Images\WallL.bmp" />
  </ItemGroup>
  <ItemGroup>
    <Media Include="Sounds\Test.wav" />
    <Media Include="Data\Sounds\SwitchOff.wav" />
    <Media Include="Data\Sounds\SwitchOn.wav" />
    <Media Include="Data\Sounds\Test.wav" />
  </ItemGroup>
</Project>